
Microsoft Visual Studio Solution File, Format Version 12.00
# Visual Studio Version 17
VisualStudioVersion = 17.14.36202.13 d17.14
MinimumVisualStudioVersion = 10.0.40219.1
Project("{FAE04EC0-301F-11D3-BF4B-00C04F79EFBC}") = "Gestiondeclubesform", "Gestiondeclubesform\Gestiondeclubesform.csproj", "{F9434AB5-72AF-4E0D-8E9A-0783B5E34244}"
EndProject
Global
	GlobalSection(SolutionConfigurationPlatforms) = preSolution
		Debug|Any CPU = Debug|Any CPU
		Release|Any CPU = Release|Any CPU
	EndGlobalSection
	GlobalSection(ProjectConfigurationPlatforms) = postSolution
		{F9434AB5-72AF-4E0D-8E9A-0783B5E34244}.Debug|Any CPU.ActiveCfg = Debug|Any CPU
		{F9434AB5-72AF-4E0D-8E9A-0783B5E34244}.Debug|Any CPU.Build.0 = Debug|Any CPU
		{F9434AB5-72AF-4E0D-8E9A-0783B5E34244}.Release|Any CPU.ActiveCfg = Release|Any CPU
		{F9434AB5-72AF-4E0D-8E9A-0783B5E34244}.Release|Any CPU.Build.0 = Release|Any CPU
	EndGlobalSection
	GlobalSection(SolutionProperties) = preSolution
		HideSolutionNode = FALSE
	EndGlobalSection
	GlobalSection(ExtensibilityGlobals) = postSolution
		SolutionGuid = {22C4A976-69B6-49A9-8F42-4D867E0C3D7C}
	EndGlobalSection
EndGlobal
